// !$*UTF8*$!
{
	archiveVersion = 1;
	classes = {
	};
	objectVersion = 70;
	objects = {

/* Begin PBXBuildFile section */
		1339416F2C86B37800B1EF2B /* Exercise.swift in Sources */ = {isa = PBXBuildFile; fileRef = 1339416E2C86B37800B1EF2B /* Exercise.swift */; };
		133941712C86B39F00B1EF2B /* ExerciseHistory.swift in Sources */ = {isa = PBXBuildFile; fileRef = 133941702C86B39F00B1EF2B /* ExerciseHistory.swift */; };
		133941732C86B6AF00B1EF2B /* ExerciseHistoryView.swift in Sources */ = {isa = PBXBuildFile; fileRef = 133941722C86B6AF00B1EF2B /* ExerciseHistoryView.swift */; };
		133941752C86BB0C00B1EF2B /* ManageExercisesView.swift in Sources */ = {isa = PBXBuildFile; fileRef = 133941742C86BB0C00B1EF2B /* ManageExercisesView.swift */; };
		1371B14F2C2ED42500A4254A /* VerticalPager.swift in Sources */ = {isa = PBXBuildFile; fileRef = 1371B14E2C2ED42500A4254A /* VerticalPager.swift */; };
		13BE7B272C8BD849001BED75 /* LogbookView.swift in Sources */ = {isa = PBXBuildFile; fileRef = 13BE7B262C8BD849001BED75 /* LogbookView.swift */; };
		13FEA2412C27C9D200D04BF2 /* RepsApp.swift in Sources */ = {isa = PBXBuildFile; fileRef = 13FEA2402C27C9D200D04BF2 /* RepsApp.swift */; };
		13FEA2432C27C9D200D04BF2 /* ContentView.swift in Sources */ = {isa = PBXBuildFile; fileRef = 13FEA2422C27C9D200D04BF2 /* ContentView.swift */; };
		13FEA2452C27C9D300D04BF2 /* Assets.xcassets in Resources */ = {isa = PBXBuildFile; fileRef = 13FEA2442C27C9D300D04BF2 /* Assets.xcassets */; };
		13FEA2492C27C9D300D04BF2 /* Preview Assets.xcassets in Resources */ = {isa = PBXBuildFile; fileRef = 13FEA2482C27C9D300D04BF2 /* Preview Assets.xcassets */; };
		13FEA26F2C2943A000D04BF2 /* WheelPicker.swift in Sources */ = {isa = PBXBuildFile; fileRef = 13FEA26E2C2943A000D04BF2 /* WheelPicker.swift */; };
		13FEA2712C2C400600D04BF2 /* SetButton.swift in Sources */ = {isa = PBXBuildFile; fileRef = 13FEA2702C2C400600D04BF2 /* SetButton.swift */; };
		13FEA2732C2D483400D04BF2 /* ExerciseView.swift in Sources */ = {isa = PBXBuildFile; fileRef = 13FEA2722C2D483400D04BF2 /* ExerciseView.swift */; };
		408827942CF95E7E000DC83C /* ThemeManager.swift in Sources */ = {isa = PBXBuildFile; fileRef = 408827932CF95E71000DC83C /* ThemeManager.swift */; };
		4088279C2D010F7C000DC83C /* LoadingView.swift in Sources */ = {isa = PBXBuildFile; fileRef = 4088279B2D010F47000DC83C /* LoadingView.swift */; };
		408827AA2D053982000DC83C /* IrregularGradient in Frameworks */ = {isa = PBXBuildFile; productRef = 408827A92D053982000DC83C /* IrregularGradient */; };
		408827B22D054A95000DC83C /* GradientTheme.swift in Sources */ = {isa = PBXBuildFile; fileRef = 408827B12D054A8F000DC83C /* GradientTheme.swift */; };
		409C3FAE2D2E5B2100073D7C /* body_map.svg in Resources */ = {isa = PBXBuildFile; fileRef = 409C3FAD2D2E5B2100073D7C /* body_map.svg */; };
		409C3FB12D344FB200073D7C /* SVGKit in Frameworks */ = {isa = PBXBuildFile; productRef = 409C3FB02D344FB200073D7C /* SVGKit */; };
		409C3FB32D344FB200073D7C /* SVGKitSwift in Frameworks */ = {isa = PBXBuildFile; productRef = 409C3FB22D344FB200073D7C /* SVGKitSwift */; };
		409C3FB72D41749800073D7C /* ChatBubble.swift in Sources */ = {isa = PBXBuildFile; fileRef = 409C3FB62D41749800073D7C /* ChatBubble.swift */; };
		409C3FB92D4174AE00073D7C /* ChatMessage.swift in Sources */ = {isa = PBXBuildFile; fileRef = 409C3FB82D4174AE00073D7C /* ChatMessage.swift */; };
		409C3FC62D4476D100073D7C /* TextInputPreloader.swift in Sources */ = {isa = PBXBuildFile; fileRef = 409C3FC52D4476D100073D7C /* TextInputPreloader.swift */; };
		40C87D422D5C0DCF00A28D08 /* GlassMorphismBackground.swift in Sources */ = {isa = PBXBuildFile; fileRef = 40C87D3F2D5C0DCF00A28D08 /* GlassMorphismBackground.swift */; };
		40DEBA822CB7AEEC00ED44ED /* ExerciseData.swift in Sources */ = {isa = PBXBuildFile; fileRef = 40DEBA812CB7AEE200ED44ED /* ExerciseData.swift */; };
		40DEBA842CC1840800ED44ED /* EditExerciseHistoryView.swift in Sources */ = {isa = PBXBuildFile; fileRef = 40DEBA832CC183FA00ED44ED /* EditExerciseHistoryView.swift */; };
		40EA18332D4F1A020090AFB5 /* WorkoutPlanOnboardingView.swift in Sources */ = {isa = PBXBuildFile; fileRef = 40EA18322D4F1A020090AFB5 /* WorkoutPlanOnboardingView.swift */; };
		40FEBBC52CA721490051C2AA /* FSCalendarView.swift in Sources */ = {isa = PBXBuildFile; fileRef = 40FEBBC42CA721490051C2AA /* FSCalendarView.swift */; };
		40FEBBC72CA721E80051C2AA /* FSCalendar in Frameworks */ = {isa = PBXBuildFile; productRef = 40FEBBC62CA721E80051C2AA /* FSCalendar */; };
/* End PBXBuildFile section */

/* Begin PBXContainerItemProxy section */
		13FEA24F2C27C9D300D04BF2 /* PBXContainerItemProxy */ = {
			isa = PBXContainerItemProxy;
			containerPortal = 13FEA2352C27C9D200D04BF2 /* Project object */;
			proxyType = 1;
			remoteGlobalIDString = 13FEA23C2C27C9D200D04BF2;
			remoteInfo = Reps;
		};
		13FEA2592C27C9D300D04BF2 /* PBXContainerItemProxy */ = {
			isa = PBXContainerItemProxy;
			containerPortal = 13FEA2352C27C9D200D04BF2 /* Project object */;
			proxyType = 1;
			remoteGlobalIDString = 13FEA23C2C27C9D200D04BF2;
			remoteInfo = Reps;
		};
/* End PBXContainerItemProxy section */

/* Begin PBXFileReference section */
		1339416E2C86B37800B1EF2B /* Exercise.swift */ = {isa = PBXFileReference; lastKnownFileType = sourcecode.swift; path = Exercise.swift; sourceTree = "<group>"; };
		133941702C86B39F00B1EF2B /* ExerciseHistory.swift */ = {isa = PBXFileReference; lastKnownFileType = sourcecode.swift; path = ExerciseHistory.swift; sourceTree = "<group>"; };
		133941722C86B6AF00B1EF2B /* ExerciseHistoryView.swift */ = {isa = PBXFileReference; lastKnownFileType = sourcecode.swift; path = ExerciseHistoryView.swift; sourceTree = "<group>"; };
		133941742C86BB0C00B1EF2B /* ManageExercisesView.swift */ = {isa = PBXFileReference; lastKnownFileType = sourcecode.swift; path = ManageExercisesView.swift; sourceTree = "<group>"; };
		1371B14E2C2ED42500A4254A /* VerticalPager.swift */ = {isa = PBXFileReference; lastKnownFileType = sourcecode.swift; path = VerticalPager.swift; sourceTree = "<group>"; };
		13BE7B262C8BD849001BED75 /* LogbookView.swift */ = {isa = PBXFileReference; lastKnownFileType = sourcecode.swift; path = LogbookView.swift; sourceTree = "<group>"; };
		13FEA23D2C27C9D200D04BF2 /* Reps.app */ = {isa = PBXFileReference; explicitFileType = wrapper.application; includeInIndex = 0; path = Reps.app; sourceTree = BUILT_PRODUCTS_DIR; };
		13FEA2402C27C9D200D04BF2 /* RepsApp.swift */ = {isa = PBXFileReference; lastKnownFileType = sourcecode.swift; path = RepsApp.swift; sourceTree = "<group>"; };
		13FEA2422C27C9D200D04BF2 /* ContentView.swift */ = {isa = PBXFileReference; lastKnownFileType = sourcecode.swift; path = ContentView.swift; sourceTree = "<group>"; };
		13FEA2442C27C9D300D04BF2 /* Assets.xcassets */ = {isa = PBXFileReference; lastKnownFileType = folder.assetcatalog; path = Assets.xcassets; sourceTree = "<group>"; };
		13FEA2462C27C9D300D04BF2 /* Reps.entitlements */ = {isa = PBXFileReference; lastKnownFileType = text.plist.entitlements; path = Reps.entitlements; sourceTree = "<group>"; };
		13FEA2482C27C9D300D04BF2 /* Preview Assets.xcassets */ = {isa = PBXFileReference; lastKnownFileType = folder.assetcatalog; path = "Preview Assets.xcassets"; sourceTree = "<group>"; };
		13FEA24E2C27C9D300D04BF2 /* RepsTests.xctest */ = {isa = PBXFileReference; explicitFileType = wrapper.cfbundle; includeInIndex = 0; path = RepsTests.xctest; sourceTree = BUILT_PRODUCTS_DIR; };
		13FEA2582C27C9D300D04BF2 /* RepsUITests.xctest */ = {isa = PBXFileReference; explicitFileType = wrapper.cfbundle; includeInIndex = 0; path = RepsUITests.xctest; sourceTree = BUILT_PRODUCTS_DIR; };
		13FEA26E2C2943A000D04BF2 /* WheelPicker.swift */ = {isa = PBXFileReference; lastKnownFileType = sourcecode.swift; path = WheelPicker.swift; sourceTree = "<group>"; };
		13FEA2702C2C400600D04BF2 /* SetButton.swift */ = {isa = PBXFileReference; lastKnownFileType = sourcecode.swift; path = SetButton.swift; sourceTree = "<group>"; };
		13FEA2722C2D483400D04BF2 /* ExerciseView.swift */ = {isa = PBXFileReference; lastKnownFileType = sourcecode.swift; path = ExerciseView.swift; sourceTree = "<group>"; };
		408827932CF95E71000DC83C /* ThemeManager.swift */ = {isa = PBXFileReference; lastKnownFileType = sourcecode.swift; path = ThemeManager.swift; sourceTree = "<group>"; };
		4088279B2D010F47000DC83C /* LoadingView.swift */ = {isa = PBXFileReference; lastKnownFileType = sourcecode.swift; path = LoadingView.swift; sourceTree = "<group>"; };
		408827B12D054A8F000DC83C /* GradientTheme.swift */ = {isa = PBXFileReference; lastKnownFileType = sourcecode.swift; path = GradientTheme.swift; sourceTree = "<group>"; };
		409C3FAD2D2E5B2100073D7C /* body_map.svg */ = {isa = PBXFileReference; lastKnownFileType = text.xml; path = body_map.svg; sourceTree = "<group>"; };
		409C3FB62D41749800073D7C /* ChatBubble.swift */ = {isa = PBXFileReference; lastKnownFileType = sourcecode.swift; path = ChatBubble.swift; sourceTree = "<group>"; };
		409C3FB82D4174AE00073D7C /* ChatMessage.swift */ = {isa = PBXFileReference; lastKnownFileType = sourcecode.swift; path = ChatMessage.swift; sourceTree = "<group>"; };
		409C3FC52D4476D100073D7C /* TextInputPreloader.swift */ = {isa = PBXFileReference; lastKnownFileType = sourcecode.swift; path = TextInputPreloader.swift; sourceTree = "<group>"; };
		40C87D3F2D5C0DCF00A28D08 /* GlassMorphismBackground.swift */ = {isa = PBXFileReference; lastKnownFileType = sourcecode.swift; path = GlassMorphismBackground.swift; sourceTree = "<group>"; };
		40DEBA812CB7AEE200ED44ED /* ExerciseData.swift */ = {isa = PBXFileReference; lastKnownFileType = sourcecode.swift; path = ExerciseData.swift; sourceTree = "<group>"; };
		40DEBA832CC183FA00ED44ED /* EditExerciseHistoryView.swift */ = {isa = PBXFileReference; lastKnownFileType = sourcecode.swift; path = EditExerciseHistoryView.swift; sourceTree = "<group>"; };
		40EA18322D4F1A020090AFB5 /* WorkoutPlanOnboardingView.swift */ = {isa = PBXFileReference; lastKnownFileType = sourcecode.swift; path = WorkoutPlanOnboardingView.swift; sourceTree = "<group>"; };
		40FEBBC42CA721490051C2AA /* FSCalendarView.swift */ = {isa = PBXFileReference; lastKnownFileType = sourcecode.swift; path = FSCalendarView.swift; sourceTree = "<group>"; };
/* End PBXFileReference section */

/* Begin PBXFileSystemSynchronizedRootGroup section */
		408827952CFE6E63000DC83C /* Shared */ = {isa = PBXFileSystemSynchronizedRootGroup; explicitFileTypes = {}; explicitFolders = (); path = Shared; sourceTree = "<group>"; };
/* End PBXFileSystemSynchronizedRootGroup section */

/* Begin PBXFrameworksBuildPhase section */
		13FEA23A2C27C9D200D04BF2 /* Frameworks */ = {
			isa = PBXFrameworksBuildPhase;
			buildActionMask = 2147483647;
			files = (
				408827AA2D053982000DC83C /* IrregularGradient in Frameworks */,
				409C3FB32D344FB200073D7C /* SVGKitSwift in Frameworks */,
				409C3FB12D344FB200073D7C /* SVGKit in Frameworks */,
				40FEBBC72CA721E80051C2AA /* FSCalendar in Frameworks */,
			);
			runOnlyForDeploymentPostprocessing = 0;
		};
		13FEA24B2C27C9D300D04BF2 /* Frameworks */ = {
			isa = PBXFrameworksBuildPhase;
			buildActionMask = 2147483647;
			files = (
			);
			runOnlyForDeploymentPostprocessing = 0;
		};
		13FEA2552C27C9D300D04BF2 /* Frameworks */ = {
			isa = PBXFrameworksBuildPhase;
			buildActionMask = 2147483647;
			files = (
			);
			runOnlyForDeploymentPostprocessing = 0;
		};
/* End PBXFrameworksBuildPhase section */

/* Begin PBXGroup section */
		1371B1502C2F9C8100A4254A /* Model */ = {
			isa = PBXGroup;
			children = (
				409C3FB82D4174AE00073D7C /* ChatMessage.swift */,
				40DEBA812CB7AEE200ED44ED /* ExerciseData.swift */,
				1339416E2C86B37800B1EF2B /* Exercise.swift */,
				133941702C86B39F00B1EF2B /* ExerciseHistory.swift */,
			);
			path = Model;
			sourceTree = "<group>";
		};
		13FEA2342C27C9D200D04BF2 = {
			isa = PBXGroup;
			children = (
				409C3FAC2D2E5AB800073D7C /* Resources */,
				13FEA23F2C27C9D200D04BF2 /* Reps */,
				13FEA23E2C27C9D200D04BF2 /* Products */,
			);
			sourceTree = "<group>";
		};
		13FEA23E2C27C9D200D04BF2 /* Products */ = {
			isa = PBXGroup;
			children = (
				13FEA23D2C27C9D200D04BF2 /* Reps.app */,
				13FEA24E2C27C9D300D04BF2 /* RepsTests.xctest */,
				13FEA2582C27C9D300D04BF2 /* RepsUITests.xctest */,
			);
			name = Products;
			sourceTree = "<group>";
		};
		13FEA23F2C27C9D200D04BF2 /* Reps */ = {
			isa = PBXGroup;
			children = (
				408827952CFE6E63000DC83C /* Shared */,
				4089FA152C95761B00F96526 /* ViewModifiers */,
				1371B1502C2F9C8100A4254A /* Model */,
				13FEA26D2C29436C00D04BF2 /* View */,
				13FEA2402C27C9D200D04BF2 /* RepsApp.swift */,
				13FEA2422C27C9D200D04BF2 /* ContentView.swift */,
				13FEA2442C27C9D300D04BF2 /* Assets.xcassets */,
				13FEA2462C27C9D300D04BF2 /* Reps.entitlements */,
				13FEA2472C27C9D300D04BF2 /* Preview Content */,
			);
			path = Reps;
			sourceTree = "<group>";
		};
		13FEA2472C27C9D300D04BF2 /* Preview Content */ = {
			isa = PBXGroup;
			children = (
				13FEA2482C27C9D300D04BF2 /* Preview Assets.xcassets */,
			);
			path = "Preview Content";
			sourceTree = "<group>";
		};
		13FEA26D2C29436C00D04BF2 /* View */ = {
			isa = PBXGroup;
			children = (
				40C87D3F2D5C0DCF00A28D08 /* GlassMorphismBackground.swift */,
				40EA18322D4F1A020090AFB5 /* WorkoutPlanOnboardingView.swift */,
				409C3FC52D4476D100073D7C /* TextInputPreloader.swift */,
				409C3FB62D41749800073D7C /* ChatBubble.swift */,
				4088279B2D010F47000DC83C /* LoadingView.swift */,
				40DEBA832CC183FA00ED44ED /* EditExerciseHistoryView.swift */,
				13FEA26E2C2943A000D04BF2 /* WheelPicker.swift */,
				13FEA2722C2D483400D04BF2 /* ExerciseView.swift */,
				13FEA2702C2C400600D04BF2 /* SetButton.swift */,
				1371B14E2C2ED42500A4254A /* VerticalPager.swift */,
				133941722C86B6AF00B1EF2B /* ExerciseHistoryView.swift */,
				133941742C86BB0C00B1EF2B /* ManageExercisesView.swift */,
				13BE7B262C8BD849001BED75 /* LogbookView.swift */,
				40FEBBC42CA721490051C2AA /* FSCalendarView.swift */,
			);
			path = View;
			sourceTree = "<group>";
		};
		4089FA152C95761B00F96526 /* ViewModifiers */ = {
			isa = PBXGroup;
			children = (
				408827B12D054A8F000DC83C /* GradientTheme.swift */,
				408827932CF95E71000DC83C /* ThemeManager.swift */,
			);
			path = ViewModifiers;
			sourceTree = "<group>";
		};
		409C3FAC2D2E5AB800073D7C /* Resources */ = {
			isa = PBXGroup;
			children = (
				409C3FAD2D2E5B2100073D7C /* body_map.svg */,
			);
			path = Resources;
			sourceTree = "<group>";
		};
/* End PBXGroup section */

/* Begin PBXNativeTarget section */
		13FEA23C2C27C9D200D04BF2 /* Reps */ = {
			isa = PBXNativeTarget;
			buildConfigurationList = 13FEA2622C27C9D300D04BF2 /* Build configuration list for PBXNativeTarget "Reps" */;
			buildPhases = (
				13FEA2392C27C9D200D04BF2 /* Sources */,
				13FEA23A2C27C9D200D04BF2 /* Frameworks */,
				13FEA23B2C27C9D200D04BF2 /* Resources */,
			);
			buildRules = (
			);
			dependencies = (
			);
			fileSystemSynchronizedGroups = (
				408827952CFE6E63000DC83C /* Shared */,
			);
			name = Reps;
			packageProductDependencies = (
				40FEBBC62CA721E80051C2AA /* FSCalendar */,
				408827A92D053982000DC83C /* IrregularGradient */,
				409C3FB02D344FB200073D7C /* SVGKit */,
				409C3FB22D344FB200073D7C /* SVGKitSwift */,
			);
			productName = Reps;
			productReference = 13FEA23D2C27C9D200D04BF2 /* Reps.app */;
			productType = "com.apple.product-type.application";
		};
		13FEA24D2C27C9D300D04BF2 /* RepsTests */ = {
			isa = PBXNativeTarget;
			buildConfigurationList = 13FEA2652C27C9D300D04BF2 /* Build configuration list for PBXNativeTarget "RepsTests" */;
			buildPhases = (
				13FEA24A2C27C9D300D04BF2 /* Sources */,
				13FEA24B2C27C9D300D04BF2 /* Frameworks */,
				13FEA24C2C27C9D300D04BF2 /* Resources */,
			);
			buildRules = (
			);
			dependencies = (
				13FEA2502C27C9D300D04BF2 /* PBXTargetDependency */,
			);
			name = RepsTests;
			productName = RepsTests;
			productReference = 13FEA24E2C27C9D300D04BF2 /* RepsTests.xctest */;
			productType = "com.apple.product-type.bundle.unit-test";
		};
		13FEA2572C27C9D300D04BF2 /* RepsUITests */ = {
			isa = PBXNativeTarget;
			buildConfigurationList = 13FEA2682C27C9D300D04BF2 /* Build configuration list for PBXNativeTarget "RepsUITests" */;
			buildPhases = (
				13FEA2542C27C9D300D04BF2 /* Sources */,
				13FEA2552C27C9D300D04BF2 /* Frameworks */,
				13FEA2562C27C9D300D04BF2 /* Resources */,
			);
			buildRules = (
			);
			dependencies = (
				13FEA25A2C27C9D300D04BF2 /* PBXTargetDependency */,
			);
			name = RepsUITests;
			productName = RepsUITests;
			productReference = 13FEA2582C27C9D300D04BF2 /* RepsUITests.xctest */;
			productType = "com.apple.product-type.bundle.ui-testing";
		};
/* End PBXNativeTarget section */

/* Begin PBXProject section */
		13FEA2352C27C9D200D04BF2 /* Project object */ = {
			isa = PBXProject;
			attributes = {
				BuildIndependentTargetsInParallel = 1;
				LastSwiftUpdateCheck = 1540;
				LastUpgradeCheck = 1600;
				TargetAttributes = {
					13FEA23C2C27C9D200D04BF2 = {
						CreatedOnToolsVersion = 15.4;
					};
					13FEA24D2C27C9D300D04BF2 = {
						CreatedOnToolsVersion = 15.4;
						TestTargetID = 13FEA23C2C27C9D200D04BF2;
					};
					13FEA2572C27C9D300D04BF2 = {
						CreatedOnToolsVersion = 15.4;
						TestTargetID = 13FEA23C2C27C9D200D04BF2;
					};
				};
			};
			buildConfigurationList = 13FEA2382C27C9D200D04BF2 /* Build configuration list for PBXProject "Reps" */;
			compatibilityVersion = "Xcode 14.0";
			developmentRegion = en;
			hasScannedForEncodings = 0;
			knownRegions = (
				en,
				Base,
			);
			mainGroup = 13FEA2342C27C9D200D04BF2;
			packageReferences = (
				40FEBBC32CA7210B0051C2AA /* XCRemoteSwiftPackageReference "FSCalendar" */,
				408827A82D053982000DC83C /* XCRemoteSwiftPackageReference "IrregularGradient" */,
				409C3FAF2D344FB200073D7C /* XCRemoteSwiftPackageReference "SVGKit" */,
			);
			productRefGroup = 13FEA23E2C27C9D200D04BF2 /* Products */;
			projectDirPath = "";
			projectRoot = "";
			targets = (
				13FEA23C2C27C9D200D04BF2 /* Reps */,
				13FEA24D2C27C9D300D04BF2 /* RepsTests */,
				13FEA2572C27C9D300D04BF2 /* RepsUITests */,
			);
		};
/* End PBXProject section */

/* Begin PBXResourcesBuildPhase section */
		13FEA23B2C27C9D200D04BF2 /* Resources */ = {
			isa = PBXResourcesBuildPhase;
			buildActionMask = 2147483647;
			files = (
				13FEA2492C27C9D300D04BF2 /* Preview Assets.xcassets in Resources */,
				13FEA2452C27C9D300D04BF2 /* Assets.xcassets in Resources */,
				409C3FAE2D2E5B2100073D7C /* body_map.svg in Resources */,
			);
			runOnlyForDeploymentPostprocessing = 0;
		};
		13FEA24C2C27C9D300D04BF2 /* Resources */ = {
			isa = PBXResourcesBuildPhase;
			buildActionMask = 2147483647;
			files = (
			);
			runOnlyForDeploymentPostprocessing = 0;
		};
		13FEA2562C27C9D300D04BF2 /* Resources */ = {
			isa = PBXResourcesBuildPhase;
			buildActionMask = 2147483647;
			files = (
			);
			runOnlyForDeploymentPostprocessing = 0;
		};
/* End PBXResourcesBuildPhase section */

/* Begin PBXSourcesBuildPhase section */
		13FEA2392C27C9D200D04BF2 /* Sources */ = {
			isa = PBXSourcesBuildPhase;
			buildActionMask = 2147483647;
			files = (
				13FEA2432C27C9D200D04BF2 /* ContentView.swift in Sources */,
				13FEA26F2C2943A000D04BF2 /* WheelPicker.swift in Sources */,
				13FEA2712C2C400600D04BF2 /* SetButton.swift in Sources */,
				40DEBA822CB7AEEC00ED44ED /* ExerciseData.swift in Sources */,
				133941752C86BB0C00B1EF2B /* ManageExercisesView.swift in Sources */,
				409C3FB92D4174AE00073D7C /* ChatMessage.swift in Sources */,
				13BE7B272C8BD849001BED75 /* LogbookView.swift in Sources */,
				133941732C86B6AF00B1EF2B /* ExerciseHistoryView.swift in Sources */,
				4088279C2D010F7C000DC83C /* LoadingView.swift in Sources */,
				133941712C86B39F00B1EF2B /* ExerciseHistory.swift in Sources */,
				1339416F2C86B37800B1EF2B /* Exercise.swift in Sources */,
				40EA18332D4F1A020090AFB5 /* WorkoutPlanOnboardingView.swift in Sources */,
				40FEBBC52CA721490051C2AA /* FSCalendarView.swift in Sources */,
				409C3FB72D41749800073D7C /* ChatBubble.swift in Sources */,
				409C3FC62D4476D100073D7C /* TextInputPreloader.swift in Sources */,
				408827B22D054A95000DC83C /* GradientTheme.swift in Sources */,
				40C87D422D5C0DCF00A28D08 /* GlassMorphismBackground.swift in Sources */,
				1371B14F2C2ED42500A4254A /* VerticalPager.swift in Sources */,
				408827942CF95E7E000DC83C /* ThemeManager.swift in Sources */,
				13FEA2412C27C9D200D04BF2 /* RepsApp.swift in Sources */,
				13FEA2732C2D483400D04BF2 /* ExerciseView.swift in Sources */,
				40DEBA842CC1840800ED44ED /* EditExerciseHistoryView.swift in Sources */,
			);
			runOnlyForDeploymentPostprocessing = 0;
		};
		13FEA24A2C27C9D300D04BF2 /* Sources */ = {
			isa = PBXSourcesBuildPhase;
			buildActionMask = 2147483647;
			files = (
			);
			runOnlyForDeploymentPostprocessing = 0;
		};
		13FEA2542C27C9D300D04BF2 /* Sources */ = {
			isa = PBXSourcesBuildPhase;
			buildActionMask = 2147483647;
			files = (
			);
			runOnlyForDeploymentPostprocessing = 0;
		};
/* End PBXSourcesBuildPhase section */

/* Begin PBXTargetDependency section */
		13FEA2502C27C9D300D04BF2 /* PBXTargetDependency */ = {
			isa = PBXTargetDependency;
			target = 13FEA23C2C27C9D200D04BF2 /* Reps */;
			targetProxy = 13FEA24F2C27C9D300D04BF2 /* PBXContainerItemProxy */;
		};
		13FEA25A2C27C9D300D04BF2 /* PBXTargetDependency */ = {
			isa = PBXTargetDependency;
			target = 13FEA23C2C27C9D200D04BF2 /* Reps */;
			targetProxy = 13FEA2592C27C9D300D04BF2 /* PBXContainerItemProxy */;
		};
/* End PBXTargetDependency section */

/* Begin XCBuildConfiguration section */
		13FEA2602C27C9D300D04BF2 /* Debug */ = {
			isa = XCBuildConfiguration;
			buildSettings = {
				ALWAYS_SEARCH_USER_PATHS = NO;
				ASSETCATALOG_COMPILER_GENERATE_SWIFT_ASSET_SYMBOL_EXTENSIONS = YES;
				CLANG_ANALYZER_NONNULL = YES;
				CLANG_ANALYZER_NUMBER_OBJECT_CONVERSION = YES_AGGRESSIVE;
				CLANG_CXX_LANGUAGE_STANDARD = "gnu++20";
				CLANG_ENABLE_MODULES = YES;
				CLANG_ENABLE_OBJC_ARC = YES;
				CLANG_ENABLE_OBJC_WEAK = YES;
				CLANG_WARN_BLOCK_CAPTURE_AUTORELEASING = YES;
				CLANG_WARN_BOOL_CONVERSION = YES;
				CLANG_WARN_COMMA = YES;
				CLANG_WARN_CONSTANT_CONVERSION = YES;
				CLANG_WARN_DEPRECATED_OBJC_IMPLEMENTATIONS = YES;
				CLANG_WARN_DIRECT_OBJC_ISA_USAGE = YES_ERROR;
				CLANG_WARN_DOCUMENTATION_COMMENTS = YES;
				CLANG_WARN_EMPTY_BODY = YES;
				CLANG_WARN_ENUM_CONVERSION = YES;
				CLANG_WARN_INFINITE_RECURSION = YES;
				CLANG_WARN_INT_CONVERSION = YES;
				CLANG_WARN_NON_LITERAL_NULL_CONVERSION = YES;
				CLANG_WARN_OBJC_IMPLICIT_RETAIN_SELF = YES;
				CLANG_WARN_OBJC_LITERAL_CONVERSION = YES;
				CLANG_WARN_OBJC_ROOT_CLASS = YES_ERROR;
				CLANG_WARN_QUOTED_INCLUDE_IN_FRAMEWORK_HEADER = YES;
				CLANG_WARN_RANGE_LOOP_ANALYSIS = YES;
				CLANG_WARN_STRICT_PROTOTYPES = YES;
				CLANG_WARN_SUSPICIOUS_MOVE = YES;
				CLANG_WARN_UNGUARDED_AVAILABILITY = YES_AGGRESSIVE;
				CLANG_WARN_UNREACHABLE_CODE = YES;
				CLANG_WARN__DUPLICATE_METHOD_MATCH = YES;
				COPY_PHASE_STRIP = NO;
				DEAD_CODE_STRIPPING = YES;
				DEBUG_INFORMATION_FORMAT = dwarf;
				ENABLE_STRICT_OBJC_MSGSEND = YES;
				ENABLE_TESTABILITY = YES;
				ENABLE_USER_SCRIPT_SANDBOXING = YES;
				GCC_C_LANGUAGE_STANDARD = gnu17;
				GCC_DYNAMIC_NO_PIC = NO;
				GCC_NO_COMMON_BLOCKS = YES;
				GCC_OPTIMIZATION_LEVEL = 0;
				GCC_PREPROCESSOR_DEFINITIONS = (
					"DEBUG=1",
					"$(inherited)",
				);
				GCC_WARN_64_TO_32_BIT_CONVERSION = YES;
				GCC_WARN_ABOUT_RETURN_TYPE = YES_ERROR;
				GCC_WARN_UNDECLARED_SELECTOR = YES;
				GCC_WARN_UNINITIALIZED_AUTOS = YES_AGGRESSIVE;
				GCC_WARN_UNUSED_FUNCTION = YES;
				GCC_WARN_UNUSED_VARIABLE = YES;
				LOCALIZATION_PREFERS_STRING_CATALOGS = YES;
				MTL_ENABLE_DEBUG_INFO = INCLUDE_SOURCE;
				MTL_FAST_MATH = YES;
				ONLY_ACTIVE_ARCH = YES;
				SWIFT_ACTIVE_COMPILATION_CONDITIONS = "DEBUG $(inherited)";
				SWIFT_OPTIMIZATION_LEVEL = "-Onone";
			};
			name = Debug;
		};
		13FEA2612C27C9D300D04BF2 /* Release */ = {
			isa = XCBuildConfiguration;
			buildSettings = {
				ALWAYS_SEARCH_USER_PATHS = NO;
				ASSETCATALOG_COMPILER_GENERATE_SWIFT_ASSET_SYMBOL_EXTENSIONS = YES;
				CLANG_ANALYZER_NONNULL = YES;
				CLANG_ANALYZER_NUMBER_OBJECT_CONVERSION = YES_AGGRESSIVE;
				CLANG_CXX_LANGUAGE_STANDARD = "gnu++20";
				CLANG_ENABLE_MODULES = YES;
				CLANG_ENABLE_OBJC_ARC = YES;
				CLANG_ENABLE_OBJC_WEAK = YES;
				CLANG_WARN_BLOCK_CAPTURE_AUTORELEASING = YES;
				CLANG_WARN_BOOL_CONVERSION = YES;
				CLANG_WARN_COMMA = YES;
				CLANG_WARN_CONSTANT_CONVERSION = YES;
				CLANG_WARN_DEPRECATED_OBJC_IMPLEMENTATIONS = YES;
				CLANG_WARN_DIRECT_OBJC_ISA_USAGE = YES_ERROR;
				CLANG_WARN_DOCUMENTATION_COMMENTS = YES;
				CLANG_WARN_EMPTY_BODY = YES;
				CLANG_WARN_ENUM_CONVERSION = YES;
				CLANG_WARN_INFINITE_RECURSION = YES;
				CLANG_WARN_INT_CONVERSION = YES;
				CLANG_WARN_NON_LITERAL_NULL_CONVERSION = YES;
				CLANG_WARN_OBJC_IMPLICIT_RETAIN_SELF = YES;
				CLANG_WARN_OBJC_LITERAL_CONVERSION = YES;
				CLANG_WARN_OBJC_ROOT_CLASS = YES_ERROR;
				CLANG_WARN_QUOTED_INCLUDE_IN_FRAMEWORK_HEADER = YES;
				CLANG_WARN_RANGE_LOOP_ANALYSIS = YES;
				CLANG_WARN_STRICT_PROTOTYPES = YES;
				CLANG_WARN_SUSPICIOUS_MOVE = YES;
				CLANG_WARN_UNGUARDED_AVAILABILITY = YES_AGGRESSIVE;
				CLANG_WARN_UNREACHABLE_CODE = YES;
				CLANG_WARN__DUPLICATE_METHOD_MATCH = YES;
				COPY_PHASE_STRIP = NO;
				DEAD_CODE_STRIPPING = YES;
				DEBUG_INFORMATION_FORMAT = "dwarf-with-dsym";
				ENABLE_NS_ASSERTIONS = NO;
				ENABLE_STRICT_OBJC_MSGSEND = YES;
				ENABLE_USER_SCRIPT_SANDBOXING = YES;
				GCC_C_LANGUAGE_STANDARD = gnu17;
				GCC_NO_COMMON_BLOCKS = YES;
				GCC_WARN_64_TO_32_BIT_CONVERSION = YES;
				GCC_WARN_ABOUT_RETURN_TYPE = YES_ERROR;
				GCC_WARN_UNDECLARED_SELECTOR = YES;
				GCC_WARN_UNINITIALIZED_AUTOS = YES_AGGRESSIVE;
				GCC_WARN_UNUSED_FUNCTION = YES;
				GCC_WARN_UNUSED_VARIABLE = YES;
				LOCALIZATION_PREFERS_STRING_CATALOGS = YES;
				MTL_ENABLE_DEBUG_INFO = NO;
				MTL_FAST_MATH = YES;
				SWIFT_COMPILATION_MODE = wholemodule;
			};
			name = Release;
		};
		13FEA2632C27C9D300D04BF2 /* Debug */ = {
			isa = XCBuildConfiguration;
			buildSettings = {
				ASSETCATALOG_COMPILER_APPICON_NAME = AppIcon;
				ASSETCATALOG_COMPILER_GLOBAL_ACCENT_COLOR_NAME = AccentColor;
				CODE_SIGN_ENTITLEMENTS = Reps/Reps.entitlements;
				CODE_SIGN_IDENTITY = "Apple Development";
				CODE_SIGN_STYLE = Automatic;
				CURRENT_PROJECT_VERSION = 1;
				DEAD_CODE_STRIPPING = YES;
				DEVELOPMENT_ASSET_PATHS = "\"Reps/Preview Content\"";
				DEVELOPMENT_TEAM = XK6AQX4LZN;
				ENABLE_HARDENED_RUNTIME = YES;
				ENABLE_PREVIEWS = YES;
				GENERATE_INFOPLIST_FILE = YES;
				INFOPLIST_KEY_CFBundleDisplayName = Repsi;
				"INFOPLIST_KEY_UIApplicationSceneManifest_Generation[sdk=iphoneos*]" = YES;
				"INFOPLIST_KEY_UIApplicationSceneManifest_Generation[sdk=iphonesimulator*]" = YES;
				"INFOPLIST_KEY_UIApplicationSupportsIndirectInputEvents[sdk=iphoneos*]" = YES;
				"INFOPLIST_KEY_UIApplicationSupportsIndirectInputEvents[sdk=iphonesimulator*]" = YES;
				"INFOPLIST_KEY_UILaunchScreen_Generation[sdk=iphoneos*]" = YES;
				"INFOPLIST_KEY_UILaunchScreen_Generation[sdk=iphonesimulator*]" = YES;
				INFOPLIST_KEY_UIStatusBarStyle = "";
				"INFOPLIST_KEY_UIStatusBarStyle[sdk=iphoneos*]" = UIStatusBarStyleDefault;
				"INFOPLIST_KEY_UIStatusBarStyle[sdk=iphonesimulator*]" = UIStatusBarStyleDefault;
				INFOPLIST_KEY_UISupportedInterfaceOrientations = UIInterfaceOrientationPortrait;
				INFOPLIST_KEY_UISupportedInterfaceOrientations_iPad = "UIInterfaceOrientationLandscapeLeft UIInterfaceOrientationLandscapeRight UIInterfaceOrientationPortrait UIInterfaceOrientationPortraitUpsideDown";
				IPHONEOS_DEPLOYMENT_TARGET = 17.5;
				LD_RUNPATH_SEARCH_PATHS = "@executable_path/Frameworks";
				"LD_RUNPATH_SEARCH_PATHS[sdk=macosx*]" = "@executable_path/../Frameworks";
				MACOSX_DEPLOYMENT_TARGET = 14.5;
				MARKETING_VERSION = 1.0;
				PRODUCT_BUNDLE_IDENTIFIER = com.Reps.Reps;
				PRODUCT_NAME = "$(TARGET_NAME)";
				PROVISIONING_PROFILE_SPECIFIER = "";
				SDKROOT = auto;
				SUPPORTED_PLATFORMS = "iphoneos iphonesimulator";
				SUPPORTS_MACCATALYST = NO;
				SWIFT_EMIT_LOC_STRINGS = YES;
				SWIFT_VERSION = 5.0;
				TARGETED_DEVICE_FAMILY = 1;
			};
			name = Debug;
		};
		13FEA2642C27C9D300D04BF2 /* Release */ = {
			isa = XCBuildConfiguration;
			buildSettings = {
				ASSETCATALOG_COMPILER_APPICON_NAME = AppIcon;
				ASSETCATALOG_COMPILER_GLOBAL_ACCENT_COLOR_NAME = AccentColor;
				CODE_SIGN_ENTITLEMENTS = Reps/Reps.entitlements;
				CODE_SIGN_IDENTITY = "Apple Development";
				CODE_SIGN_STYLE = Automatic;
				CURRENT_PROJECT_VERSION = 1;
				DEAD_CODE_STRIPPING = YES;
				DEVELOPMENT_ASSET_PATHS = "\"Reps/Preview Content\"";
				DEVELOPMENT_TEAM = XK6AQX4LZN;
				ENABLE_HARDENED_RUNTIME = YES;
				ENABLE_PREVIEWS = YES;
				GENERATE_INFOPLIST_FILE = YES;
				INFOPLIST_KEY_CFBundleDisplayName = Repsi;
				"INFOPLIST_KEY_UIApplicationSceneManifest_Generation[sdk=iphoneos*]" = YES;
				"INFOPLIST_KEY_UIApplicationSceneManifest_Generation[sdk=iphonesimulator*]" = YES;
				"INFOPLIST_KEY_UIApplicationSupportsIndirectInputEvents[sdk=iphoneos*]" = YES;
				"INFOPLIST_KEY_UIApplicationSupportsIndirectInputEvents[sdk=iphonesimulator*]" = YES;
				"INFOPLIST_KEY_UILaunchScreen_Generation[sdk=iphoneos*]" = YES;
				"INFOPLIST_KEY_UILaunchScreen_Generation[sdk=iphonesimulator*]" = YES;
				INFOPLIST_KEY_UIStatusBarStyle = "";
				"INFOPLIST_KEY_UIStatusBarStyle[sdk=iphoneos*]" = UIStatusBarStyleDefault;
				"INFOPLIST_KEY_UIStatusBarStyle[sdk=iphonesimulator*]" = UIStatusBarStyleDefault;
				INFOPLIST_KEY_UISupportedInterfaceOrientations = UIInterfaceOrientationPortrait;
				INFOPLIST_KEY_UISupportedInterfaceOrientations_iPad = "UIInterfaceOrientationLandscapeLeft UIInterfaceOrientationLandscapeRight UIInterfaceOrientationPortrait UIInterfaceOrientationPortraitUpsideDown";
				IPHONEOS_DEPLOYMENT_TARGET = 17.5;
				LD_RUNPATH_SEARCH_PATHS = "@executable_path/Frameworks";
				"LD_RUNPATH_SEARCH_PATHS[sdk=macosx*]" = "@executable_path/../Frameworks";
				MACOSX_DEPLOYMENT_TARGET = 14.5;
				MARKETING_VERSION = 1.0;
				PRODUCT_BUNDLE_IDENTIFIER = com.Reps.Reps;
				PRODUCT_NAME = "$(TARGET_NAME)";
				PROVISIONING_PROFILE_SPECIFIER = "";
				SDKROOT = auto;
				SUPPORTED_PLATFORMS = "iphoneos iphonesimulator";
				SUPPORTS_MACCATALYST = NO;
				SWIFT_EMIT_LOC_STRINGS = YES;
				SWIFT_VERSION = 5.0;
				TARGETED_DEVICE_FAMILY = 1;
			};
			name = Release;
		};
		13FEA2662C27C9D300D04BF2 /* Debug */ = {
			isa = XCBuildConfiguration;
			buildSettings = {
				BUNDLE_LOADER = "$(TEST_HOST)";
				CODE_SIGN_STYLE = Automatic;
				CURRENT_PROJECT_VERSION = 1;
				DEAD_CODE_STRIPPING = YES;
				GENERATE_INFOPLIST_FILE = YES;
				IPHONEOS_DEPLOYMENT_TARGET = 17.5;
				MACOSX_DEPLOYMENT_TARGET = 14.5;
				MARKETING_VERSION = 1.0;
				PRODUCT_BUNDLE_IDENTIFIER = com.Reps.RepsTests;
				PRODUCT_NAME = "$(TARGET_NAME)";
				SDKROOT = auto;
				SUPPORTED_PLATFORMS = "iphoneos iphonesimulator macosx";
				SWIFT_EMIT_LOC_STRINGS = NO;
				SWIFT_VERSION = 5.0;
				TARGETED_DEVICE_FAMILY = "1,2";
				TEST_HOST = "$(BUILT_PRODUCTS_DIR)/Reps.app/$(BUNDLE_EXECUTABLE_FOLDER_PATH)/Reps";
			};
			name = Debug;
		};
		13FEA2672C27C9D300D04BF2 /* Release */ = {
			isa = XCBuildConfiguration;
			buildSettings = {
				BUNDLE_LOADER = "$(TEST_HOST)";
				CODE_SIGN_STYLE = Automatic;
				CURRENT_PROJECT_VERSION = 1;
				DEAD_CODE_STRIPPING = YES;
				GENERATE_INFOPLIST_FILE = YES;
				IPHONEOS_DEPLOYMENT_TARGET = 17.5;
				MACOSX_DEPLOYMENT_TARGET = 14.5;
				MARKETING_VERSION = 1.0;
				PRODUCT_BUNDLE_IDENTIFIER = com.Reps.RepsTests;
				PRODUCT_NAME = "$(TARGET_NAME)";
				SDKROOT = auto;
				SUPPORTED_PLATFORMS = "iphoneos iphonesimulator macosx";
				SWIFT_EMIT_LOC_STRINGS = NO;
				SWIFT_VERSION = 5.0;
				TARGETED_DEVICE_FAMILY = "1,2";
				TEST_HOST = "$(BUILT_PRODUCTS_DIR)/Reps.app/$(BUNDLE_EXECUTABLE_FOLDER_PATH)/Reps";
			};
			name = Release;
		};
		13FEA2692C27C9D300D04BF2 /* Debug */ = {
			isa = XCBuildConfiguration;
			buildSettings = {
				CODE_SIGN_STYLE = Automatic;
				CURRENT_PROJECT_VERSION = 1;
				DEAD_CODE_STRIPPING = YES;
				GENERATE_INFOPLIST_FILE = YES;
				IPHONEOS_DEPLOYMENT_TARGET = 17.5;
				MACOSX_DEPLOYMENT_TARGET = 14.5;
				MARKETING_VERSION = 1.0;
				PRODUCT_BUNDLE_IDENTIFIER = com.Reps.RepsUITests;
				PRODUCT_NAME = "$(TARGET_NAME)";
				SDKROOT = auto;
				SUPPORTED_PLATFORMS = "iphoneos iphonesimulator macosx";
				SWIFT_EMIT_LOC_STRINGS = NO;
				SWIFT_VERSION = 5.0;
				TARGETED_DEVICE_FAMILY = "1,2";
				TEST_TARGET_NAME = Reps;
			};
			name = Debug;
		};
		13FEA26A2C27C9D300D04BF2 /* Release */ = {
			isa = XCBuildConfiguration;
			buildSettings = {
				CODE_SIGN_STYLE = Automatic;
				CURRENT_PROJECT_VERSION = 1;
				DEAD_CODE_STRIPPING = YES;
				GENERATE_INFOPLIST_FILE = YES;
				IPHONEOS_DEPLOYMENT_TARGET = 17.5;
				MACOSX_DEPLOYMENT_TARGET = 14.5;
				MARKETING_VERSION = 1.0;
				PRODUCT_BUNDLE_IDENTIFIER = com.Reps.RepsUITests;
				PRODUCT_NAME = "$(TARGET_NAME)";
				SDKROOT = auto;
				SUPPORTED_PLATFORMS = "iphoneos iphonesimulator macosx";
				SWIFT_EMIT_LOC_STRINGS = NO;
				SWIFT_VERSION = 5.0;
				TARGETED_DEVICE_FAMILY = "1,2";
				TEST_TARGET_NAME = Reps;
			};
			name = Release;
		};
/* End XCBuildConfiguration section */

/* Begin XCConfigurationList section */
		13FEA2382C27C9D200D04BF2 /* Build configuration list for PBXProject "Reps" */ = {
			isa = XCConfigurationList;
			buildConfigurations = (
				13FEA2602C27C9D300D04BF2 /* Debug */,
				13FEA2612C27C9D300D04BF2 /* Release */,
			);
			defaultConfigurationIsVisible = 0;
			defaultConfigurationName = Release;
		};
		13FEA2622C27C9D300D04BF2 /* Build configuration list for PBXNativeTarget "Reps" */ = {
			isa = XCConfigurationList;
			buildConfigurations = (
				13FEA2632C27C9D300D04BF2 /* Debug */,
				13FEA2642C27C9D300D04BF2 /* Release */,
			);
			defaultConfigurationIsVisible = 0;
			defaultConfigurationName = Release;
		};
		13FEA2652C27C9D300D04BF2 /* Build configuration list for PBXNativeTarget "RepsTests" */ = {
			isa = XCConfigurationList;
			buildConfigurations = (
				13FEA2662C27C9D300D04BF2 /* Debug */,
				13FEA2672C27C9D300D04BF2 /* Release */,
			);
			defaultConfigurationIsVisible = 0;
			defaultConfigurationName = Release;
		};
		13FEA2682C27C9D300D04BF2 /* Build configuration list for PBXNativeTarget "RepsUITests" */ = {
			isa = XCConfigurationList;
			buildConfigurations = (
				13FEA2692C27C9D300D04BF2 /* Debug */,
				13FEA26A2C27C9D300D04BF2 /* Release */,
			);
			defaultConfigurationIsVisible = 0;
			defaultConfigurationName = Release;
		};
/* End XCConfigurationList section */

/* Begin XCRemoteSwiftPackageReference section */
		408827A82D053982000DC83C /* XCRemoteSwiftPackageReference "IrregularGradient" */ = {
			isa = XCRemoteSwiftPackageReference;
			repositoryURL = "https://github.com/joogps/IrregularGradient";
			requirement = {
				kind = upToNextMajorVersion;
				minimumVersion = 2.1.0;
			};
		};
		409C3FAF2D344FB200073D7C /* XCRemoteSwiftPackageReference "SVGKit" */ = {
			isa = XCRemoteSwiftPackageReference;
			repositoryURL = "https://github.com/SVGKit/SVGKit.git";
			requirement = {
				kind = upToNextMajorVersion;
				minimumVersion = 3.0.0;
			};
		};
		40FEBBC32CA7210B0051C2AA /* XCRemoteSwiftPackageReference "FSCalendar" */ = {
			isa = XCRemoteSwiftPackageReference;
			repositoryURL = "https://github.com/WenchaoD/FSCalendar";
			requirement = {
				kind = upToNextMajorVersion;
				minimumVersion = 2.8.4;
			};
		};
/* End XCRemoteSwiftPackageReference section */

/* Begin XCSwiftPackageProductDependency section */
		408827A92D053982000DC83C /* IrregularGradient */ = {
			isa = XCSwiftPackageProductDependency;
			package = 408827A82D053982000DC83C /* XCRemoteSwiftPackageReference "IrregularGradient" */;
			productName = IrregularGradient;
		};
		409C3FB02D344FB200073D7C /* SVGKit */ = {
			isa = XCSwiftPackageProductDependency;
			package = 409C3FAF2D344FB200073D7C /* XCRemoteSwiftPackageReference "SVGKit" */;
			productName = SVGKit;
		};
		409C3FB22D344FB200073D7C /* SVGKitSwift */ = {
			isa = XCSwiftPackageProductDependency;
			package = 409C3FAF2D344FB200073D7C /* XCRemoteSwiftPackageReference "SVGKit" */;
			productName = SVGKitSwift;
		};
		40FEBBC62CA721E80051C2AA /* FSCalendar */ = {
			isa = XCSwiftPackageProductDependency;
			package = 40FEBBC32CA7210B0051C2AA /* XCRemoteSwiftPackageReference "FSCalendar" */;
			productName = FSCalendar;
		};
/* End XCSwiftPackageProductDependency section */
	};
	rootObject = 13FEA2352C27C9D200D04BF2 /* Project object */;
}
