{
  "originHash" : "6440619bc34d2f495175fd8a7989d224b2888674d5f826715dbf266cf1bf6b68",
  "pins" : [
    {
      "identity" : "fscalendar",
      "kind" : "remoteSourceControl",
      "location" : "https://github.com/WenchaoD/FSCalendar",
      "state" : {
        "revision" : "0fbdec5172fccb90f707472eeaea4ffe095278f6",
        "version" : "2.8.4"
      }
    },
    {
      "identity" : "irregulargradient",
      "kind" : "remoteSourceControl",
      "location" : "https://github.com/joogps/IrregularGradient",
      "state" : {
        "revision" : "84cbf2dd9ecf1e98e592e0718310f90fef52d6be",
        "version" : "2.1.0"
      }
    }
  ],
  "version" : 3
}
